Microsoft Visual Studio Solution File, Format Version 12.00
# Visual Studio 2012
Project("{FAE04EC0-301F-11D3-BF4B-00C04F79EFBC}") = "Ship Test", "Ship Test.csproj", "{40FF90D7-7C0D-457F-86B0-9D8FD48C528F}"
EndProject
Global
	GlobalSection(SolutionConfigurationPlatforms) = preSolution
	Debug|Any CPU = Debug|Any CPU
	ExportDebug|Any CPU = ExportDebug|Any CPU
	ExportRelease|Any CPU = ExportRelease|Any CPU
	EndGlobalSection
	GlobalSection(ProjectConfigurationPlatforms) = postSolution
		{40FF90D7-7C0D-457F-86B0-9D8FD48C528F}.Debug|Any CPU.ActiveCfg = Debug|Any CPU
		{40FF90D7-7C0D-457F-86B0-9D8FD48C528F}.Debug|Any CPU.Build.0 = Debug|Any CPU
		{40FF90D7-7C0D-457F-86B0-9D8FD48C528F}.ExportDebug|Any CPU.ActiveCfg = ExportDebug|Any CPU
		{40FF90D7-7C0D-457F-86B0-9D8FD48C528F}.ExportDebug|Any CPU.Build.0 = ExportDebug|Any CPU
		{40FF90D7-7C0D-457F-86B0-9D8FD48C528F}.ExportRelease|Any CPU.ActiveCfg = ExportRelease|Any CPU
		{40FF90D7-7C0D-457F-86B0-9D8FD48C528F}.ExportRelease|Any CPU.Build.0 = ExportRelease|Any CPU
	EndGlobalSection
EndGlobal
